// !$*UTF8*$!
{
	archiveVersion = 1;
	classes = {
	};
	objectVersion = 46;
	objects = {

/* Begin PBXBuildFile section */
		04EC4D6F1E54042D00FAEBBB /* main.m in Sources */ = {isa = PBXBuildFile; fileRef = 04EC4D6E1E54042D00FAEBBB /* main.m */; };
		04EC4D721E54042D00FAEBBB /* AppDelegate.m in Sources */ = {isa = PBXBuildFile; fileRef = 04EC4D711E54042D00FAEBBB /* AppDelegate.m */; };
		04EC4D751E54042D00FAEBBB /* ViewController.m in Sources */ = {isa = PBXBuildFile; fileRef = 04EC4D741E54042D00FAEBBB /* ViewController.m */; };
		04EC4D781E54042D00FAEBBB /* Main.storyboard in Resources */ = {isa = PBXBuildFile; fileRef = 04EC4D761E54042D00FAEBBB /* Main.storyboard */; };
		04EC4D7A1E54042D00FAEBBB /* Assets.xcassets in Resources */ = {isa = PBXBuildFile; fileRef = 04EC4D791E54042D00FAEBBB /* Assets.xcassets */; };
		04EC4D7D1E54042D00FAEBBB /* LaunchScreen.storyboard in Resources */ = {isa = PBXBuildFile; fileRef = 04EC4D7B1E54042D00FAEBBB /* LaunchScreen.storyboard */; };
		04EC4D911E544A5100FAEBBB /* TestViewController.m in Sources */ = {isa = PBXBuildFile; fileRef = 04EC4D901E544A5100FAEBBB /* TestViewController.m */; };
		04EC4D941E544B5800FAEBBB /* DemoViewController.m in Sources */ = {isa = PBXBuildFile; fileRef = 04EC4D931E544B5800FAEBBB /* DemoViewController.m */; };
/* End PBXBuildFile section */

/* Begin PBXFileReference section */
		04EC4D6A1E54042D00FAEBBB /* GitDemo.app */ = {isa = PBXFileReference; explicitFileType = wrapper.application; includeInIndex = 0; path = GitDemo.app; sourceTree = BUILT_PRODUCTS_DIR; };
		04EC4D6E1E54042D00FAEBBB /* main.m */ = {isa = PBXFileReference; lastKnownFileType = sourcecode.c.objc; path = main.m; sourceTree = "<group>"; };
		04EC4D701E54042D00FAEBBB /* AppDelegate.h */ = {isa = PBXFileReference; lastKnownFileType = sourcecode.c.h; path = AppDelegate.h; sourceTree = "<group>"; };
		04EC4D711E54042D00FAEBBB /* AppDelegate.m */ = {isa = PBXFileReference; lastKnownFileType = sourcecode.c.objc; path = AppDelegate.m; sourceTree = "<group>"; };
		04EC4D731E54042D00FAEBBB /* ViewController.h */ = {isa = PBXFileReference; lastKnownFileType = sourcecode.c.h; path = ViewController.h; sourceTree = "<group>"; };
		04EC4D741E54042D00FAEBBB /* ViewController.m */ = {isa = PBXFileReference; lastKnownFileType = sourcecode.c.objc; path = ViewController.m; sourceTree = "<group>"; };
		04EC4D771E54042D00FAEBBB /* Base */ = {isa = PBXFileReference; lastKnownFileType = file.storyboard; name = Base; path = Base.lproj/Main.storyboard; sourceTree = "<group>"; };
		04EC4D791E54042D00FAEBBB /* Assets.xcassets */ = {isa = PBXFileReference; lastKnownFileType = folder.assetcatalog; path = Assets.xcassets; sourceTree = "<group>"; };
		04EC4D7C1E54042D00FAEBBB /* Base */ = {isa = PBXFileReference; lastKnownFileType = file.storyboard; name = Base; path = Base.lproj/LaunchScreen.storyboard; sourceTree = "<group>"; };
		04EC4D7E1E54042D00FAEBBB /* Info.plist */ = {isa = PBXFileReference; lastKnownFileType = text.plist.xml; path = Info.plist; sourceTree = "<group>"; };
		04EC4D8F1E544A5100FAEBBB /* TestViewController.h */ = {isa = PBXFileReference; fileEncoding = 4; lastKnownFileType = sourcecode.c.h; path = TestViewController.h; sourceTree = "<group>"; };
		04EC4D901E544A5100FAEBBB /* TestViewController.m */ = {isa = PBXFileReference; fileEncoding = 4; lastKnownFileType = sourcecode.c.objc; path = TestViewController.m; sourceTree = "<group>"; };
		04EC4D921E544B5800FAEBBB /* DemoViewController.h */ = {isa = PBXFileReference; fileEncoding = 4; lastKnownFileType = sourcecode.c.h; path = DemoViewController.h; sourceTree = "<group>"; };
		04EC4D931E544B5800FAEBBB /* DemoViewController.m */ = {isa = PBXFileReference; fileEncoding = 4; lastKnownFileType = sourcecode.c.objc; path = DemoViewController.m; sourceTree = "<group>"; };
/* End PBXFileReference section */

/* Begin PBXFrameworksBuildPhase section */
		04EC4D671E54042D00FAEBBB /* Frameworks */ = {
			isa = PBXFrameworksBuildPhase;
			buildActionMask = 2147483647;
			files = (
			);
			runOnlyForDeploymentPostprocessing = 0;
		};
/* End PBXFrameworksBuildPhase section */

/* Begin PBXGroup section */
		04EC4D611E54042D00FAEBBB = {
			isa = PBXGroup;
			children = (
				04EC4D6C1E54042D00FAEBBB /* GitDemo */,
				04EC4D6B1E54042D00FAEBBB /* Products */,
			);
			sourceTree = "<group>";
		};
		04EC4D6B1E54042D00FAEBBB /* Products */ = {
			isa = PBXGroup;
			children = (
				04EC4D6A1E54042D00FAEBBB /* GitDemo.app */,
			);
			name = Products;
			sourceTree = "<group>";
		};
		04EC4D6C1E54042D00FAEBBB /* GitDemo */ = {
			isa = PBXGroup;
			children = (
				04EC4D701E54042D00FAEBBB /* AppDelegate.h */,
				04EC4D711E54042D00FAEBBB /* AppDelegate.m */,
				04EC4D731E54042D00FAEBBB /* ViewController.h */,
				04EC4D741E54042D00FAEBBB /* ViewController.m */,
				04EC4D761E54042D00FAEBBB /* Main.storyboard */,
				04EC4D791E54042D00FAEBBB /* Assets.xcassets */,
				04EC4D7B1E54042D00FAEBBB /* LaunchScreen.storyboard */,
				04EC4D7E1E54042D00FAEBBB /* Info.plist */,
				04EC4D6D1E54042D00FAEBBB /* Supporting Files */,
				04EC4D8F1E544A5100FAEBBB /* TestViewController.h */,
				04EC4D901E544A5100FAEBBB /* TestViewController.m */,
				04EC4D921E544B5800FAEBBB /* DemoViewController.h */,
				04EC4D931E544B5800FAEBBB /* DemoViewController.m */,
			);
			path = GitDemo;
			sourceTree = "<group>";
		};
		04EC4D6D1E54042D00FAEBBB /* Supporting Files */ = {
			isa = PBXGroup;
			children = (
				04EC4D6E1E54042D00FAEBBB /* main.m */,
			);
			name = "Supporting Files";
			sourceTree = "<group>";
		};
/* End PBXGroup section */

/* Begin PBXNativeTarget section */
		04EC4D691E54042D00FAEBBB /* GitDemo */ = {
			isa = PBXNativeTarget;
			buildConfigurationList = 04EC4D811E54042D00FAEBBB /* Build configuration list for PBXNativeTarget "GitDemo" */;
			buildPhases = (
				04EC4D661E54042D00FAEBBB /* Sources */,
				04EC4D671E54042D00FAEBBB /* Frameworks */,
				04EC4D681E54042D00FAEBBB /* Resources */,
			);
			buildRules = (
			);
			dependencies = (
			);
			name = GitDemo;
			productName = GitDemo;
			productReference = 04EC4D6A1E54042D00FAEBBB /* GitDemo.app */;
			productType = "com.apple.product-type.application";
		};
/* End PBXNativeTarget section */

/* Begin PBXProject section */
		04EC4D621E54042D00FAEBBB /* Project object */ = {
			isa = PBXProject;
			attributes = {
				LastUpgradeCheck = 0810;
				ORGANIZATIONNAME = tc;
				TargetAttributes = {
					04EC4D691E54042D00FAEBBB = {
						CreatedOnToolsVersion = 8.1;
						DevelopmentTeam = 72A7M4PNVV;
						ProvisioningStyle = Automatic;
					};
				};
			};
			buildConfigurationList = 04EC4D651E54042D00FAEBBB /* Build configuration list for PBXProject "GitDemo" */;
			compatibilityVersion = "Xcode 3.2";
			developmentRegion = English;
			hasScannedForEncodings = 0;
			knownRegions = (
				en,
				Base,
			);
			mainGroup = 04EC4D611E54042D00FAEBBB;
			productRefGroup = 04EC4D6B1E54042D00FAEBBB /* Products */;
			projectDirPath = "";
			projectRoot = "";
			targets = (
				04EC4D691E54042D00FAEBBB /* GitDemo */,
			);
		};
/* End PBXProject section */

/* Begin PBXResourcesBuildPhase section */
		04EC4D681E54042D00FAEBBB /* Resources */ = {
			isa = PBXResourcesBuildPhase;
			buildActionMask = 2147483647;
			files = (
				04EC4D7D1E54042D00FAEBBB /* LaunchScreen.storyboard in Resources */,
				04EC4D7A1E54042D00FAEBBB /* Assets.xcassets in Resources */,
				04EC4D781E54042D00FAEBBB /* Main.storyboard in Resources */,
			);
			runOnlyForDeploymentPostprocessing = 0;
		};
/* End PBXResourcesBuildPhase section */

/* Begin PBXSourcesBuildPhase section */
		04EC4D661E54042D00FAEBBB /* Sources */ = {
			isa = PBXSourcesBuildPhase;
			buildActionMask = 2147483647;
			files = (
				04EC4D751E54042D00FAEBBB /* ViewController.m in Sources */,
				04EC4D721E54042D00FAEBBB /* AppDelegate.m in Sources */,
				04EC4D911E544A5100FAEBBB /* TestViewController.m in Sources */,
				04EC4D941E544B5800FAEBBB /* DemoViewController.m in Sources */,
				04EC4D6F1E54042D00FAEBBB /* main.m in Sources */,
			);
			runOnlyForDeploymentPostprocessing = 0;
		};
/* End PBXSourcesBuildPhase section */

/* Begin PBXVariantGroup section */
		04EC4D761E54042D00FAEBBB /* Main.storyboard */ = {
			isa = PBXVariantGroup;
			children = (
				04EC4D771E54042D00FAEBBB /* Base */,
			);
			name = Main.storyboard;
			sourceTree = "<group>";
		};
		04EC4D7B1E54042D00FAEBBB /* LaunchScreen.storyboard */ = {
			isa = PBXVariantGroup;
			children = (
				04EC4D7C1E54042D00FAEBBB /* Base */,
			);
			name = LaunchScreen.storyboard;
			sourceTree = "<group>";
		};
/* End PBXVariantGroup section */

/* Begin XCBuildConfiguration section */
		04EC4D7F1E54042D00FAEBBB /* Debug */ = {
			isa = XCBuildConfiguration;
			buildSettings = {
				ALWAYS_SEARCH_USER_PATHS = NO;
				CLANG_ANALYZER_NONNULL = YES;
				CLANG_CXX_LANGUAGE_STANDARD = "gnu++0x";
				CLANG_CXX_LIBRARY = "libc++";
				CLANG_ENABLE_MODULES = YES;
				CLANG_ENABLE_OBJC_ARC = YES;
				CLANG_WARN_BOOL_CONVERSION = YES;
				CLANG_WARN_CONSTANT_CONVERSION = YES;
				CLANG_WARN_DIRECT_OBJC_ISA_USAGE = YES_ERROR;
				CLANG_WARN_DOCUMENTATION_COMMENTS = YES;
				CLANG_WARN_EMPTY_BODY = YES;
				CLANG_WARN_ENUM_CONVERSION = YES;
				CLANG_WARN_INFINITE_RECURSION = YES;
				CLANG_WARN_INT_CONVERSION = YES;
				CLANG_WARN_OBJC_ROOT_CLASS = YES_ERROR;
				CLANG_WARN_SUSPICIOUS_MOVES = YES;
				CLANG_WARN_UNREACHABLE_CODE = YES;
				CLANG_WARN__DUPLICATE_METHOD_MATCH = YES;
				"CODE_SIGN_IDENTITY[sdk=iphoneos*]" = "iPhone Developer";
				COPY_PHASE_STRIP = NO;
				DEBUG_INFORMATION_FORMAT = dwarf;
				ENABLE_STRICT_OBJC_MSGSEND = YES;
				ENABLE_TESTABILITY = YES;
				GCC_C_LANGUAGE_STANDARD = gnu99;
				GCC_DYNAMIC_NO_PIC = NO;
				GCC_NO_COMMON_BLOCKS = YES;
				GCC_OPTIMIZATION_LEVEL = 0;
				GCC_PREPROCESSOR_DEFINITIONS = (
					"DEBUG=1",
					"$(inherited)",
				);
				GCC_WARN_64_TO_32_BIT_CONVERSION = YES;
				GCC_WARN_ABOUT_RETURN_TYPE = YES_ERROR;
				GCC_WARN_UNDECLARED_SELECTOR = YES;
				GCC_WARN_UNINITIALIZED_AUTOS = YES_AGGRESSIVE;
				GCC_WARN_UNUSED_FUNCTION = YES;
				GCC_WARN_UNUSED_VARIABLE = YES;
				IPHONEOS_DEPLOYMENT_TARGET = 10.1;
				MTL_ENABLE_DEBUG_INFO = YES;
				ONLY_ACTIVE_ARCH = YES;
				SDKROOT = iphoneos;
			};
			name = Debug;
		};
		04EC4D801E54042D00FAEBBB /* Release */ = {
			isa = XCBuildConfiguration;
			buildSettings = {
				ALWAYS_SEARCH_USER_PATHS = NO;
				CLANG_ANALYZER_NONNULL = YES;
				CLANG_CXX_LANGUAGE_STANDARD = "gnu++0x";
				CLANG_CXX_LIBRARY = "libc++";
				CLANG_ENABLE_MODULES = YES;
				CLANG_ENABLE_OBJC_ARC = YES;
				CLANG_WARN_BOOL_CONVERSION = YES;
				CLANG_WARN_CONSTANT_CONVERSION = YES;
				CLANG_WARN_DIRECT_OBJC_ISA_USAGE = YES_ERROR;
				CLANG_WARN_DOCUMENTATION_COMMENTS = YES;
				CLANG_WARN_EMPTY_BODY = YES;
				CLANG_WARN_ENUM_CONVERSION = YES;
				CLANG_WARN_INFINITE_RECURSION = YES;
				CLANG_WARN_INT_CONVERSION = YES;
				CLANG_WARN_OBJC_ROOT_CLASS = YES_ERROR;
				CLANG_WARN_SUSPICIOUS_MOVES = YES;
				CLANG_WARN_UNREACHABLE_CODE = YES;
				CLANG_WARN__DUPLICATE_METHOD_MATCH = YES;
				"CODE_SIGN_IDENTITY[sdk=iphoneos*]" = "iPhone Developer";
				COPY_PHASE_STRIP = NO;
				DEBUG_INFORMATION_FORMAT = "dwarf-with-dsym";
				ENABLE_NS_ASSERTIONS = NO;
				ENABLE_STRICT_OBJC_MSGSEND = YES;
				GCC_C_LANGUAGE_STANDARD = gnu99;
				GCC_NO_COMMON_BLOCKS = YES;
				GCC_WARN_64_TO_32_BIT_CONVERSION = YES;
				GCC_WARN_ABOUT_RETURN_TYPE = YES_ERROR;
				GCC_WARN_UNDECLARED_SELECTOR = YES;
				GCC_WARN_UNINITIALIZED_AUTOS = YES_AGGRESSIVE;
				GCC_WARN_UNUSED_FUNCTION = YES;
				GCC_WARN_UNUSED_VARIABLE = YES;
				IPHONEOS_DEPLOYMENT_TARGET = 10.1;
				MTL_ENABLE_DEBUG_INFO = NO;
				SDKROOT = iphoneos;
				VALIDATE_PRODUCT = YES;
			};
			name = Release;
		};
		04EC4D821E54042D00FAEBBB /* Debug */ = {
			isa = XCBuildConfiguration;
			buildSettings = {
				ASSETCATALOG_COMPILER_APPICON_NAME = AppIcon;
				DEVELOPMENT_TEAM = 72A7M4PNVV;
				INFOPLIST_FILE = GitDemo/Info.plist;
				LD_RUNPATH_SEARCH_PATHS = "$(inherited) @executable_path/Frameworks";
				PRODUCT_BUNDLE_IDENTIFIER = com.dickson.GitDemo;
				PRODUCT_NAME = "$(TARGET_NAME)";
			};
			name = Debug;
		};
		04EC4D831E54042D00FAEBBB /* Release */ = {
			isa = XCBuildConfiguration;
			buildSettings = {
				ASSETCATALOG_COMPILER_APPICON_NAME = AppIcon;
				DEVELOPMENT_TEAM = 72A7M4PNVV;
				INFOPLIST_FILE = GitDemo/Info.plist;
				LD_RUNPATH_SEARCH_PATHS = "$(inherited) @executable_path/Frameworks";
				PRODUCT_BUNDLE_IDENTIFIER = com.dickson.GitDemo;
				PRODUCT_NAME = "$(TARGET_NAME)";
			};
			name = Release;
		};
/* End XCBuildConfiguration section */

/* Begin XCConfigurationList section */
		04EC4D651E54042D00FAEBBB /* Build configuration list for PBXProject "GitDemo" */ = {
			isa = XCConfigurationList;
			buildConfigurations = (
				04EC4D7F1E54042D00FAEBBB /* Debug */,
				04EC4D801E54042D00FAEBBB /* Release */,
			);
			defaultConfigurationIsVisible = 0;
			defaultConfigurationName = Release;
		};
		04EC4D811E54042D00FAEBBB /* Build configuration list for PBXNativeTarget "GitDemo" */ = {
			isa = XCConfigurationList;
			buildConfigurations = (
				04EC4D821E54042D00FAEBBB /* Debug */,
				04EC4D831E54042D00FAEBBB /* Release */,
			);
			defaultConfigurationIsVisible = 0;
			defaultConfigurationName = Release;
		};
/* End XCConfigurationList section */
	};
	rootObject = 04EC4D621E54042D00FAEBBB /* Project object */;
}
